<?xml version="1.0" encoding="utf-8"?>
<Project ToolsVersion="4.0" xmlns="http://schemas.microsoft.com/developer/msbuild/2003">
  <ItemGroup>
    <Filter Include="Source Files">
      <UniqueIdentifier>{4FC737F1-C7A5-4376-A066-2A32D752A2FF}</UniqueIdentifier>
      <Extensions>cpp;c;cc;cxx;def;odl;idl;hpj;bat;asm;asmx</Extensions>
    </Filter>
    <Filter Include="Header Files">
      <UniqueIdentifier>{93995380-89BD-4b04-88EB-625FBE52EBFB}</UniqueIdentifier>
      <Extensions>h;hpp;hxx;hm;inl;inc;xsd</Extensions>
    </Filter>
    <Filter Include="Resource Files">
      <UniqueIdentifier>{67DA6AB6-F800-4c08-8B7A-83BB121AAD01}</UniqueIdentifier>
      <Extensions>rc;ico;cur;bmp;dlg;rc2;rct;bin;rgs;gif;jpg;jpeg;jpe;resx;tiff;tif;png;wav;mfcribbon-ms</Extensions>
    </Filter>
    <Filter Include="Header Files\Core">
      <UniqueIdentifier>{5847fce5-1183-43e5-b30b-9ff789c39f7d}</UniqueIdentifier>
    </Filter>
    <Filter Include="Source Files\Core">
      <UniqueIdentifier>{0694f7ab-fe11-4cd9-8777-c82f02255c74}</UniqueIdentifier>
    </Filter>
    <Filter Include="Source Files\Display">
      <UniqueIdentifier>{03877af3-eed0-4543-b2a1-554d71300c24}</UniqueIdentifier>
    </Filter>
    <Filter Include="Source Files\IO">
      <UniqueIdentifier>{05a439d2-c3a0-421b-a2b8-a7195c1eac91}</UniqueIdentifier>
    </Filter>
    <Filter Include="Source Files\Network">
      <UniqueIdentifier>{df154743-4d78-4332-b3fa-984f8ebcbee8}</UniqueIdentifier>
    </Filter>
    <Filter Include="Source Files\Utility">
      <UniqueIdentifier>{0417b411-5606-4846-a1e8-685466ea5a6c}</UniqueIdentifier>
    </Filter>
    <Filter Include="Source Files\Scripts">
      <UniqueIdentifier>{1c646ca4-f289-4691-bd41-2c4d67251348}</UniqueIdentifier>
    </Filter>
    <Filter Include="Source Files\Physics">
      <UniqueIdentifier>{8785fdfd-bee5-42aa-a053-f3bbefd4aab7}</UniqueIdentifier>
    </Filter>
    <Filter Include="Header Files\Display">
      <UniqueIdentifier>{326cdd65-2f1d-4fa8-b6b0-ec8c8ee7df84}</UniqueIdentifier>
    </Filter>
    <Filter Include="Header Files\IO">
      <UniqueIdentifier>{6321dc9e-7609-4c16-bf5d-32ecc7a5c13e}</UniqueIdentifier>
    </Filter>
    <Filter Include="Header Files\Network">
      <UniqueIdentifier>{34ac4edf-0f13-42ec-8348-fe139f8611af}</UniqueIdentifier>
    </Filter>
    <Filter Include="Header Files\Physics">
      <UniqueIdentifier>{c62e8997-e1e8-40b4-8ef5-72e31741337d}</UniqueIdentifier>
    </Filter>
    <Filter Include="Header Files\Scripts">
      <UniqueIdentifier>{5f5baf79-887b-4dc5-b67c-03a48495246f}</UniqueIdentifier>
    </Filter>
    <Filter Include="Header Files\Utility">
      <UniqueIdentifier>{10f011eb-2b32-4720-a4d7-ad0bc41a6cb4}</UniqueIdentifier>
    </Filter>
  </ItemGroup>
  <ItemGroup>
    <ClInclude Include="..\..\src\core\event.hpp">
      <Filter>Header Files\Core</Filter>
    </ClInclude>
    <ClInclude Include="..\..\src\core\eventManager.hpp">
      <Filter>Header Files\Core</Filter>
    </ClInclude>
    <ClInclude Include="..\..\src\athenaDefinitions.hpp">
      <Filter>Header Files</Filter>
    </ClInclude>
    <ClInclude Include="..\..\src\utility\conditionVariable.hpp">
      <Filter>Header Files\Utility</Filter>
    </ClInclude>
    <ClInclude Include="..\..\src\utility\criticalSection.hpp">
      <Filter>Header Files\Utility</Filter>
    </ClInclude>
    <ClInclude Include="..\..\src\utility\lock.hpp">
      <Filter>Header Files\Utility</Filter>
    </ClInclude>
    <ClInclude Include="..\..\src\utility\readersWriterLock.hpp">
      <Filter>Header Files\Utility</Filter>
    </ClInclude>
    <ClInclude Include="..\..\src\utility\thread.hpp">
      <Filter>Header Files\Utility</Filter>
    </ClInclude>
    <ClInclude Include="..\..\src\io\logEntry.hpp">
      <Filter>Header Files\IO</Filter>
    </ClInclude>
    <ClInclude Include="..\..\src\io\logEntry.inl">
      <Filter>Header Files\IO</Filter>
    </ClInclude>
    <ClInclude Include="..\..\src\io\logManager.hpp">
      <Filter>Header Files\IO</Filter>
    </ClInclude>
    <ClInclude Include="..\..\src\core\parameter.hpp">
      <Filter>Header Files\Core</Filter>
    </ClInclude>
    <ClInclude Include="..\..\src\utility\timer.hpp">
      <Filter>Header Files\Utility</Filter>
    </ClInclude>
    <ClInclude Include="..\..\src\core\periodicEventInfo.hpp">
      <Filter>Header Files\Core</Filter>
    </ClInclude>
    <ClInclude Include="..\..\src\display\renderManager.hpp">
      <Filter>Header Files\Display</Filter>
    </ClInclude>
    <ClInclude Include="..\..\src\io\inputManager.hpp">
      <Filter>Header Files\IO</Filter>
    </ClInclude>
    <ClInclude Include="..\..\src\core\listener.hpp">
      <Filter>Header Files\Core</Filter>
    </ClInclude>
    <ClInclude Include="..\..\src\athenaEventCodes.hpp">
      <Filter>Header Files</Filter>
    </ClInclude>
  </ItemGroup>
  <ItemGroup>
    <ClCompile Include="..\..\src\core\eventManager.cpp">
      <Filter>Source Files\Core</Filter>
    </ClCompile>
    <ClCompile Include="..\..\src\dllMain.cpp">
      <Filter>Source Files</Filter>
    </ClCompile>
    <ClCompile Include="..\..\src\utility\conditionVariable.cpp">
      <Filter>Source Files\Utility</Filter>
    </ClCompile>
    <ClCompile Include="..\..\src\utility\criticalSection.cpp">
      <Filter>Source Files\Utility</Filter>
    </ClCompile>
    <ClCompile Include="..\..\src\utility\lock.cpp">
      <Filter>Source Files\Utility</Filter>
    </ClCompile>
    <ClCompile Include="..\..\src\utility\readersWriterLock.cpp">
      <Filter>Source Files\Utility</Filter>
    </ClCompile>
    <ClCompile Include="..\..\src\utility\thread.cpp">
      <Filter>Source Files\Utility</Filter>
    </ClCompile>
    <ClCompile Include="..\..\src\core\event.cpp">
      <Filter>Source Files\Core</Filter>
    </ClCompile>
    <ClCompile Include="..\..\src\io\logEntry.cpp">
      <Filter>Source Files\IO</Filter>
    </ClCompile>
    <ClCompile Include="..\..\src\core\parameter.cpp">
      <Filter>Source Files\Core</Filter>
    </ClCompile>
    <ClCompile Include="..\..\src\utility\timer.cpp">
      <Filter>Source Files\Utility</Filter>
    </ClCompile>
    <ClCompile Include="..\..\src\core\periodicEventInfo.cpp">
      <Filter>Source Files\Core</Filter>
    </ClCompile>
    <ClCompile Include="..\..\src\display\renderManager.cpp">
      <Filter>Source Files\Display</Filter>
    </ClCompile>
    <ClCompile Include="..\..\src\io\inputManager.cpp">
      <Filter>Source Files\IO</Filter>
    </ClCompile>
    <ClCompile Include="..\..\src\core\listener.cpp">
      <Filter>Source Files\Core</Filter>
    </ClCompile>
    <ClCompile Include="..\..\src\io\logManager.cpp">
      <Filter>Source Files\IO</Filter>
    </ClCompile>
  </ItemGroup>
  <ItemGroup>
    <None Include="..\..\src\utility\criticalSection.inl">
      <Filter>Header Files\Utility</Filter>
    </None>
    <None Include="..\..\src\core\eventManager.inl">
      <Filter>Header Files\Core</Filter>
    </None>
    <None Include="..\..\src\core\event.inl">
      <Filter>Header Files\Core</Filter>
    </None>
    <None Include="..\..\src\utility\readersWriterLock.inl">
      <Filter>Header Files\Utility</Filter>
    </None>
    <None Include="..\..\src\core\parameter.inl">
      <Filter>Header Files\Core</Filter>
    </None>
    <None Include="..\..\src\io\logManager.inl">
      <Filter>Header Files\IO</Filter>
    </None>
    <None Include="..\..\src\utility\timer.inl">
      <Filter>Header Files\Utility</Filter>
    </None>
    <None Include="..\..\src\core\listener.inl">
      <Filter>Header Files\Core</Filter>
    </None>
  </ItemGroup>
</Project>